
Microsoft Visual Studio Solution File, Format Version 12.00
# Visual Studio Version 17
VisualStudioVersion = 17.8.34316.72
MinimumVisualStudioVersion = 10.0.40219.1
Project("{FAE04EC0-301F-11D3-BF4B-00C04F79EFBC}") = "GerenciaAutoNetAPI", "GerenciaAutoNetAPI.csproj", "{2A992F23-3AA2-4DEC-90D9-351B4E4502EF}"
EndProject
Global
	GlobalSection(SolutionConfigurationPlatforms) = preSolution
		Debug|Any CPU = Debug|Any CPU
		Release|Any CPU = Release|Any CPU
	EndGlobalSection
	GlobalSection(ProjectConfigurationPlatforms) = postSolution
		{2A992F23-3AA2-4DEC-90D9-351B4E4502EF}.Debug|Any CPU.ActiveCfg = Debug|Any CPU
		{2A992F23-3AA2-4DEC-90D9-351B4E4502EF}.Debug|Any CPU.Build.0 = Debug|Any CPU
		{2A992F23-3AA2-4DEC-90D9-351B4E4502EF}.Release|Any CPU.ActiveCfg = Release|Any CPU
		{2A992F23-3AA2-4DEC-90D9-351B4E4502EF}.Release|Any CPU.Build.0 = Release|Any CPU
	EndGlobalSection
	GlobalSection(SolutionProperties) = preSolution
		HideSolutionNode = FALSE
	EndGlobalSection
	GlobalSection(ExtensibilityGlobals) = postSolution
		SolutionGuid = {26F310AC-DD61-485C-96C7-EC79A8192FEB}
	EndGlobalSection
EndGlobal
